// !$*UTF8*$!
{
	archiveVersion = 1;
	classes = {
	};
	objectVersion = 56;
	objects = {

/* Begin PBXBuildFile section */
		455E67322976318000343C78 /* iOS_Developer_TestApp.swift in Sources */ = {isa = PBXBuildFile; fileRef = 455E67312976318000343C78 /* iOS_Developer_TestApp.swift */; };
		455E67342976318000343C78 /* ContentView.swift in Sources */ = {isa = PBXBuildFile; fileRef = 455E67332976318000343C78 /* ContentView.swift */; };
		455E67362976318100343C78 /* Assets.xcassets in Resources */ = {isa = PBXBuildFile; fileRef = 455E67352976318100343C78 /* Assets.xcassets */; };
		455E67392976318100343C78 /* Preview Assets.xcassets in Resources */ = {isa = PBXBuildFile; fileRef = 455E67382976318100343C78 /* Preview Assets.xcassets */; };
		455E67432976318100343C78 /* iOS_Developer_TestTests.swift in Sources */ = {isa = PBXBuildFile; fileRef = 455E67422976318100343C78 /* iOS_Developer_TestTests.swift */; };
		455E674D2976318100343C78 /* iOS_Developer_TestUITests.swift in Sources */ = {isa = PBXBuildFile; fileRef = 455E674C2976318100343C78 /* iOS_Developer_TestUITests.swift */; };
		455E674F2976318100343C78 /* iOS_Developer_TestUITestsLaunchTests.swift in Sources */ = {isa = PBXBuildFile; fileRef = 455E674E2976318100343C78 /* iOS_Developer_TestUITestsLaunchTests.swift */; };
/* End PBXBuildFile section */

/* Begin PBXContainerItemProxy section */
		455E673F2976318100343C78 /* PBXContainerItemProxy */ = {
			isa = PBXContainerItemProxy;
			containerPortal = 455E67262976318000343C78 /* Project object */;
			proxyType = 1;
			remoteGlobalIDString = 455E672D2976318000343C78;
			remoteInfo = "iOS Developer Test";
		};
		455E67492976318100343C78 /* PBXContainerItemProxy */ = {
			isa = PBXContainerItemProxy;
			containerPortal = 455E67262976318000343C78 /* Project object */;
			proxyType = 1;
			remoteGlobalIDString = 455E672D2976318000343C78;
			remoteInfo = "iOS Developer Test";
		};
/* End PBXContainerItemProxy section */

/* Begin PBXFileReference section */
		455E672E2976318000343C78 /* iOS Developer Test.app */ = {isa = PBXFileReference; explicitFileType = wrapper.application; includeInIndex = 0; path = "iOS Developer Test.app"; sourceTree = BUILT_PRODUCTS_DIR; };
		455E67312976318000343C78 /* iOS_Developer_TestApp.swift */ = {isa = PBXFileReference; lastKnownFileType = sourcecode.swift; path = iOS_Developer_TestApp.swift; sourceTree = "<group>"; };
		455E67332976318000343C78 /* ContentView.swift */ = {isa = PBXFileReference; lastKnownFileType = sourcecode.swift; path = ContentView.swift; sourceTree = "<group>"; };
		455E67352976318100343C78 /* Assets.xcassets */ = {isa = PBXFileReference; lastKnownFileType = folder.assetcatalog; path = Assets.xcassets; sourceTree = "<group>"; };
		455E67382976318100343C78 /* Preview Assets.xcassets */ = {isa = PBXFileReference; lastKnownFileType = folder.assetcatalog; path = "Preview Assets.xcassets"; sourceTree = "<group>"; };
		455E673E2976318100343C78 /* iOS Developer TestTests.xctest */ = {isa = PBXFileReference; explicitFileType = wrapper.cfbundle; includeInIndex = 0; path = "iOS Developer TestTests.xctest"; sourceTree = BUILT_PRODUCTS_DIR; };
		455E67422976318100343C78 /* iOS_Developer_TestTests.swift */ = {isa = PBXFileReference; lastKnownFileType = sourcecode.swift; path = iOS_Developer_TestTests.swift; sourceTree = "<group>"; };
		455E67482976318100343C78 /* iOS Developer TestUITests.xctest */ = {isa = PBXFileReference; explicitFileType = wrapper.cfbundle; includeInIndex = 0; path = "iOS Developer TestUITests.xctest"; sourceTree = BUILT_PRODUCTS_DIR; };
		455E674C2976318100343C78 /* iOS_Developer_TestUITests.swift */ = {isa = PBXFileReference; lastKnownFileType = sourcecode.swift; path = iOS_Developer_TestUITests.swift; sourceTree = "<group>"; };
		455E674E2976318100343C78 /* iOS_Developer_TestUITestsLaunchTests.swift */ = {isa = PBXFileReference; lastKnownFileType = sourcecode.swift; path = iOS_Developer_TestUITestsLaunchTests.swift; sourceTree = "<group>"; };
/* End PBXFileReference section */

/* Begin PBXFrameworksBuildPhase section */
		455E672B2976318000343C78 /* Frameworks */ = {
			isa = PBXFrameworksBuildPhase;
			buildActionMask = 2147483647;
			files = (
			);
			runOnlyForDeploymentPostprocessing = 0;
		};
		455E673B2976318100343C78 /* Frameworks */ = {
			isa = PBXFrameworksBuildPhase;
			buildActionMask = 2147483647;
			files = (
			);
			runOnlyForDeploymentPostprocessing = 0;
		};
		455E67452976318100343C78 /* Frameworks */ = {
			isa = PBXFrameworksBuildPhase;
			buildActionMask = 2147483647;
			files = (
			);
			runOnlyForDeploymentPostprocessing = 0;
		};
/* End PBXFrameworksBuildPhase section */

/* Begin PBXGroup section */
		455E67252976318000343C78 = {
			isa = PBXGroup;
			children = (
				455E67302976318000343C78 /* iOS Developer Test */,
				455E67412976318100343C78 /* iOS Developer TestTests */,
				455E674B2976318100343C78 /* iOS Developer TestUITests */,
				455E672F2976318000343C78 /* Products */,
			);
			sourceTree = "<group>";
		};
		455E672F2976318000343C78 /* Products */ = {
			isa = PBXGroup;
			children = (
				455E672E2976318000343C78 /* iOS Developer Test.app */,
				455E673E2976318100343C78 /* iOS Developer TestTests.xctest */,
				455E67482976318100343C78 /* iOS Developer TestUITests.xctest */,
			);
			name = Products;
			sourceTree = "<group>";
		};
		455E67302976318000343C78 /* iOS Developer Test */ = {
			isa = PBXGroup;
			children = (
				455E67312976318000343C78 /* iOS_Developer_TestApp.swift */,
				455E67332976318000343C78 /* ContentView.swift */,
				455E67352976318100343C78 /* Assets.xcassets */,
				455E67372976318100343C78 /* Preview Content */,
			);
			path = "iOS Developer Test";
			sourceTree = "<group>";
		};
		455E67372976318100343C78 /* Preview Content */ = {
			isa = PBXGroup;
			children = (
				455E67382976318100343C78 /* Preview Assets.xcassets */,
			);
			path = "Preview Content";
			sourceTree = "<group>";
		};
		455E67412976318100343C78 /* iOS Developer TestTests */ = {
			isa = PBXGroup;
			children = (
				455E67422976318100343C78 /* iOS_Developer_TestTests.swift */,
			);
			path = "iOS Developer TestTests";
			sourceTree = "<group>";
		};
		455E674B2976318100343C78 /* iOS Developer TestUITests */ = {
			isa = PBXGroup;
			children = (
				455E674C2976318100343C78 /* iOS_Developer_TestUITests.swift */,
				455E674E2976318100343C78 /* iOS_Developer_TestUITestsLaunchTests.swift */,
			);
			path = "iOS Developer TestUITests";
			sourceTree = "<group>";
		};
/* End PBXGroup section */

/* Begin PBXNativeTarget section */
		455E672D2976318000343C78 /* iOS Developer Test */ = {
			isa = PBXNativeTarget;
			buildConfigurationList = 455E67522976318100343C78 /* Build configuration list for PBXNativeTarget "iOS Developer Test" */;
			buildPhases = (
				455E672A2976318000343C78 /* Sources */,
				455E672B2976318000343C78 /* Frameworks */,
				455E672C2976318000343C78 /* Resources */,
			);
			buildRules = (
			);
			dependencies = (
			);
			name = "iOS Developer Test";
			productName = "iOS Developer Test";
			productReference = 455E672E2976318000343C78 /* iOS Developer Test.app */;
			productType = "com.apple.product-type.application";
		};
		455E673D2976318100343C78 /* iOS Developer TestTests */ = {
			isa = PBXNativeTarget;
			buildConfigurationList = 455E67552976318100343C78 /* Build configuration list for PBXNativeTarget "iOS Developer TestTests" */;
			buildPhases = (
				455E673A2976318100343C78 /* Sources */,
				455E673B2976318100343C78 /* Frameworks */,
				455E673C2976318100343C78 /* Resources */,
			);
			buildRules = (
			);
			dependencies = (
				455E67402976318100343C78 /* PBXTargetDependency */,
			);
			name = "iOS Developer TestTests";
			productName = "iOS Developer TestTests";
			productReference = 455E673E2976318100343C78 /* iOS Developer TestTests.xctest */;
			productType = "com.apple.product-type.bundle.unit-test";
		};
		455E67472976318100343C78 /* iOS Developer TestUITests */ = {
			isa = PBXNativeTarget;
			buildConfigurationList = 455E67582976318100343C78 /* Build configuration list for PBXNativeTarget "iOS Developer TestUITests" */;
			buildPhases = (
				455E67442976318100343C78 /* Sources */,
				455E67452976318100343C78 /* Frameworks */,
				455E67462976318100343C78 /* Resources */,
			);
			buildRules = (
			);
			dependencies = (
				455E674A2976318100343C78 /* PBXTargetDependency */,
			);
			name = "iOS Developer TestUITests";
			productName = "iOS Developer TestUITests";
			productReference = 455E67482976318100343C78 /* iOS Developer TestUITests.xctest */;
			productType = "com.apple.product-type.bundle.ui-testing";
		};
/* End PBXNativeTarget section */

/* Begin PBXProject section */
		455E67262976318000343C78 /* Project object */ = {
			isa = PBXProject;
			attributes = {
				BuildIndependentTargetsInParallel = 1;
				LastSwiftUpdateCheck = 1420;
				LastUpgradeCheck = 1420;
				TargetAttributes = {
					455E672D2976318000343C78 = {
						CreatedOnToolsVersion = 14.2;
					};
					455E673D2976318100343C78 = {
						CreatedOnToolsVersion = 14.2;
						TestTargetID = 455E672D2976318000343C78;
					};
					455E67472976318100343C78 = {
						CreatedOnToolsVersion = 14.2;
						TestTargetID = 455E672D2976318000343C78;
					};
				};
			};
			buildConfigurationList = 455E67292976318000343C78 /* Build configuration list for PBXProject "iOS Developer Test" */;
			compatibilityVersion = "Xcode 14.0";
			developmentRegion = en;
			hasScannedForEncodings = 0;
			knownRegions = (
				en,
				Base,
			);
			mainGroup = 455E67252976318000343C78;
			productRefGroup = 455E672F2976318000343C78 /* Products */;
			projectDirPath = "";
			projectRoot = "";
			targets = (
				455E672D2976318000343C78 /* iOS Developer Test */,
				455E673D2976318100343C78 /* iOS Developer TestTests */,
				455E67472976318100343C78 /* iOS Developer TestUITests */,
			);
		};
/* End PBXProject section */

/* Begin PBXResourcesBuildPhase section */
		455E672C2976318000343C78 /* Resources */ = {
			isa = PBXResourcesBuildPhase;
			buildActionMask = 2147483647;
			files = (
				455E67392976318100343C78 /* Preview Assets.xcassets in Resources */,
				455E67362976318100343C78 /* Assets.xcassets in Resources */,
			);
			runOnlyForDeploymentPostprocessing = 0;
		};
		455E673C2976318100343C78 /* Resources */ = {
			isa = PBXResourcesBuildPhase;
			buildActionMask = 2147483647;
			files = (
			);
			runOnlyForDeploymentPostprocessing = 0;
		};
		455E67462976318100343C78 /* Resources */ = {
			isa = PBXResourcesBuildPhase;
			buildActionMask = 2147483647;
			files = (
			);
			runOnlyForDeploymentPostprocessing = 0;
		};
/* End PBXResourcesBuildPhase section */

/* Begin PBXSourcesBuildPhase section */
		455E672A2976318000343C78 /* Sources */ = {
			isa = PBXSourcesBuildPhase;
			buildActionMask = 2147483647;
			files = (
				455E67342976318000343C78 /* ContentView.swift in Sources */,
				455E67322976318000343C78 /* iOS_Developer_TestApp.swift in Sources */,
			);
			runOnlyForDeploymentPostprocessing = 0;
		};
		455E673A2976318100343C78 /* Sources */ = {
			isa = PBXSourcesBuildPhase;
			buildActionMask = 2147483647;
			files = (
				455E67432976318100343C78 /* iOS_Developer_TestTests.swift in Sources */,
			);
			runOnlyForDeploymentPostprocessing = 0;
		};
		455E67442976318100343C78 /* Sources */ = {
			isa = PBXSourcesBuildPhase;
			buildActionMask = 2147483647;
			files = (
				455E674D2976318100343C78 /* iOS_Developer_TestUITests.swift in Sources */,
				455E674F2976318100343C78 /* iOS_Developer_TestUITestsLaunchTests.swift in Sources */,
			);
			runOnlyForDeploymentPostprocessing = 0;
		};
/* End PBXSourcesBuildPhase section */

/* Begin PBXTargetDependency section */
		455E67402976318100343C78 /* PBXTargetDependency */ = {
			isa = PBXTargetDependency;
			target = 455E672D2976318000343C78 /* iOS Developer Test */;
			targetProxy = 455E673F2976318100343C78 /* PBXContainerItemProxy */;
		};
		455E674A2976318100343C78 /* PBXTargetDependency */ = {
			isa = PBXTargetDependency;
			target = 455E672D2976318000343C78 /* iOS Developer Test */;
			targetProxy = 455E67492976318100343C78 /* PBXContainerItemProxy */;
		};
/* End PBXTargetDependency section */

/* Begin XCBuildConfiguration section */
		455E67502976318100343C78 /* Debug */ = {
			isa = XCBuildConfiguration;
			buildSettings = {
				ALWAYS_SEARCH_USER_PATHS = NO;
				CLANG_ANALYZER_NONNULL = YES;
				CLANG_ANALYZER_NUMBER_OBJECT_CONVERSION = YES_AGGRESSIVE;
				CLANG_CXX_LANGUAGE_STANDARD = "gnu++20";
				CLANG_ENABLE_MODULES = YES;
				CLANG_ENABLE_OBJC_ARC = YES;
				CLANG_ENABLE_OBJC_WEAK = YES;
				CLANG_WARN_BLOCK_CAPTURE_AUTORELEASING = YES;
				CLANG_WARN_BOOL_CONVERSION = YES;
				CLANG_WARN_COMMA = YES;
				CLANG_WARN_CONSTANT_CONVERSION = YES;
				CLANG_WARN_DEPRECATED_OBJC_IMPLEMENTATIONS = YES;
				CLANG_WARN_DIRECT_OBJC_ISA_USAGE = YES_ERROR;
				CLANG_WARN_DOCUMENTATION_COMMENTS = YES;
				CLANG_WARN_EMPTY_BODY = YES;
				CLANG_WARN_ENUM_CONVERSION = YES;
				CLANG_WARN_INFINITE_RECURSION = YES;
				CLANG_WARN_INT_CONVERSION = YES;
				CLANG_WARN_NON_LITERAL_NULL_CONVERSION = YES;
				CLANG_WARN_OBJC_IMPLICIT_RETAIN_SELF = YES;
				CLANG_WARN_OBJC_LITERAL_CONVERSION = YES;
				CLANG_WARN_OBJC_ROOT_CLASS = YES_ERROR;
				CLANG_WARN_QUOTED_INCLUDE_IN_FRAMEWORK_HEADER = YES;
				CLANG_WARN_RANGE_LOOP_ANALYSIS = YES;
				CLANG_WARN_STRICT_PROTOTYPES = YES;
				CLANG_WARN_SUSPICIOUS_MOVE = YES;
				CLANG_WARN_UNGUARDED_AVAILABILITY = YES_AGGRESSIVE;
				CLANG_WARN_UNREACHABLE_CODE = YES;
				CLANG_WARN__DUPLICATE_METHOD_MATCH = YES;
				COPY_PHASE_STRIP = NO;
				DEBUG_INFORMATION_FORMAT = dwarf;
				ENABLE_STRICT_OBJC_MSGSEND = YES;
				ENABLE_TESTABILITY = YES;
				GCC_C_LANGUAGE_STANDARD = gnu11;
				GCC_DYNAMIC_NO_PIC = NO;
				GCC_NO_COMMON_BLOCKS = YES;
				GCC_OPTIMIZATION_LEVEL = 0;
				GCC_PREPROCESSOR_DEFINITIONS = (
					"DEBUG=1",
					"$(inherited)",
				);
				GCC_WARN_64_TO_32_BIT_CONVERSION = YES;
				GCC_WARN_ABOUT_RETURN_TYPE = YES_ERROR;
				GCC_WARN_UNDECLARED_SELECTOR = YES;
				GCC_WARN_UNINITIALIZED_AUTOS = YES_AGGRESSIVE;
				GCC_WARN_UNUSED_FUNCTION = YES;
				GCC_WARN_UNUSED_VARIABLE = YES;
				IPHONEOS_DEPLOYMENT_TARGET = 16.2;
				MTL_ENABLE_DEBUG_INFO = INCLUDE_SOURCE;
				MTL_FAST_MATH = YES;
				ONLY_ACTIVE_ARCH = YES;
				SDKROOT = iphoneos;
				SWIFT_ACTIVE_COMPILATION_CONDITIONS = DEBUG;
				SWIFT_OPTIMIZATION_LEVEL = "-Onone";
			};
			name = Debug;
		};
		455E67512976318100343C78 /* Release */ = {
			isa = XCBuildConfiguration;
			buildSettings = {
				ALWAYS_SEARCH_USER_PATHS = NO;
				CLANG_ANALYZER_NONNULL = YES;
				CLANG_ANALYZER_NUMBER_OBJECT_CONVERSION = YES_AGGRESSIVE;
				CLANG_CXX_LANGUAGE_STANDARD = "gnu++20";
				CLANG_ENABLE_MODULES = YES;
				CLANG_ENABLE_OBJC_ARC = YES;
				CLANG_ENABLE_OBJC_WEAK = YES;
				CLANG_WARN_BLOCK_CAPTURE_AUTORELEASING = YES;
				CLANG_WARN_BOOL_CONVERSION = YES;
				CLANG_WARN_COMMA = YES;
				CLANG_WARN_CONSTANT_CONVERSION = YES;
				CLANG_WARN_DEPRECATED_OBJC_IMPLEMENTATIONS = YES;
				CLANG_WARN_DIRECT_OBJC_ISA_USAGE = YES_ERROR;
				CLANG_WARN_DOCUMENTATION_COMMENTS = YES;
				CLANG_WARN_EMPTY_BODY = YES;
				CLANG_WARN_ENUM_CONVERSION = YES;
				CLANG_WARN_INFINITE_RECURSION = YES;
				CLANG_WARN_INT_CONVERSION = YES;
				CLANG_WARN_NON_LITERAL_NULL_CONVERSION = YES;
				CLANG_WARN_OBJC_IMPLICIT_RETAIN_SELF = YES;
				CLANG_WARN_OBJC_LITERAL_CONVERSION = YES;
				CLANG_WARN_OBJC_ROOT_CLASS = YES_ERROR;
				CLANG_WARN_QUOTED_INCLUDE_IN_FRAMEWORK_HEADER = YES;
				CLANG_WARN_RANGE_LOOP_ANALYSIS = YES;
				CLANG_WARN_STRICT_PROTOTYPES = YES;
				CLANG_WARN_SUSPICIOUS_MOVE = YES;
				CLANG_WARN_UNGUARDED_AVAILABILITY = YES_AGGRESSIVE;
				CLANG_WARN_UNREACHABLE_CODE = YES;
				CLANG_WARN__DUPLICATE_METHOD_MATCH = YES;
				COPY_PHASE_STRIP = NO;
				DEBUG_INFORMATION_FORMAT = "dwarf-with-dsym";
				ENABLE_NS_ASSERTIONS = NO;
				ENABLE_STRICT_OBJC_MSGSEND = YES;
				GCC_C_LANGUAGE_STANDARD = gnu11;
				GCC_NO_COMMON_BLOCKS = YES;
				GCC_WARN_64_TO_32_BIT_CONVERSION = YES;
				GCC_WARN_ABOUT_RETURN_TYPE = YES_ERROR;
				GCC_WARN_UNDECLARED_SELECTOR = YES;
				GCC_WARN_UNINITIALIZED_AUTOS = YES_AGGRESSIVE;
				GCC_WARN_UNUSED_FUNCTION = YES;
				GCC_WARN_UNUSED_VARIABLE = YES;
				IPHONEOS_DEPLOYMENT_TARGET = 16.2;
				MTL_ENABLE_DEBUG_INFO = NO;
				MTL_FAST_MATH = YES;
				SDKROOT = iphoneos;
				SWIFT_COMPILATION_MODE = wholemodule;
				SWIFT_OPTIMIZATION_LEVEL = "-O";
				VALIDATE_PRODUCT = YES;
			};
			name = Release;
		};
		455E67532976318100343C78 /* Debug */ = {
			isa = XCBuildConfiguration;
			buildSettings = {
				ASSETCATALOG_COMPILER_APPICON_NAME = AppIcon;
				ASSETCATALOG_COMPILER_GLOBAL_ACCENT_COLOR_NAME = AccentColor;
				CODE_SIGN_STYLE = Automatic;
				CURRENT_PROJECT_VERSION = 1;
				DEVELOPMENT_ASSET_PATHS = "\"iOS Developer Test/Preview Content\"";
				DEVELOPMENT_TEAM = VT65D9R395;
				ENABLE_PREVIEWS = YES;
				GENERATE_INFOPLIST_FILE = YES;
				INFOPLIST_KEY_UIApplicationSceneManifest_Generation = YES;
				INFOPLIST_KEY_UIApplicationSupportsIndirectInputEvents = YES;
				INFOPLIST_KEY_UILaunchScreen_Generation = YES;
				INFOPLIST_KEY_UISupportedInterfaceOrientations_iPad = "UIInterfaceOrientationPortrait UIInterfaceOrientationPortraitUpsideDown UIInterfaceOrientationLandscapeLeft UIInterfaceOrientationLandscapeRight";
				INFOPLIST_KEY_UISupportedInterfaceOrientations_iPhone = "UIInterfaceOrientationPortrait UIInterfaceOrientationLandscapeLeft UIInterfaceOrientationLandscapeRight";
				LD_RUNPATH_SEARCH_PATHS = (
					"$(inherited)",
					"@executable_path/Frameworks",
				);
				MARKETING_VERSION = 1.0;
				PRODUCT_BUNDLE_IDENTIFIER = "com.smsoft.iOS-Developer-Test";
				PRODUCT_NAME = "$(TARGET_NAME)";
				SWIFT_EMIT_LOC_STRINGS = YES;
				SWIFT_VERSION = 5.0;
				TARGETED_DEVICE_FAMILY = "1,2";
			};
			name = Debug;
		};
		455E67542976318100343C78 /* Release */ = {
			isa = XCBuildConfiguration;
			buildSettings = {
				ASSETCATALOG_COMPILER_APPICON_NAME = AppIcon;
				ASSETCATALOG_COMPILER_GLOBAL_ACCENT_COLOR_NAME = AccentColor;
				CODE_SIGN_STYLE = Automatic;
				CURRENT_PROJECT_VERSION = 1;
				DEVELOPMENT_ASSET_PATHS = "\"iOS Developer Test/Preview Content\"";
				DEVELOPMENT_TEAM = VT65D9R395;
				ENABLE_PREVIEWS = YES;
				GENERATE_INFOPLIST_FILE = YES;
				INFOPLIST_KEY_UIApplicationSceneManifest_Generation = YES;
				INFOPLIST_KEY_UIApplicationSupportsIndirectInputEvents = YES;
				INFOPLIST_KEY_UILaunchScreen_Generation = YES;
				INFOPLIST_KEY_UISupportedInterfaceOrientations_iPad = "UIInterfaceOrientationPortrait UIInterfaceOrientationPortraitUpsideDown UIInterfaceOrientationLandscapeLeft UIInterfaceOrientationLandscapeRight";
				INFOPLIST_KEY_UISupportedInterfaceOrientations_iPhone = "UIInterfaceOrientationPortrait UIInterfaceOrientationLandscapeLeft UIInterfaceOrientationLandscapeRight";
				LD_RUNPATH_SEARCH_PATHS = (
					"$(inherited)",
					"@executable_path/Frameworks",
				);
				MARKETING_VERSION = 1.0;
				PRODUCT_BUNDLE_IDENTIFIER = "com.smsoft.iOS-Developer-Test";
				PRODUCT_NAME = "$(TARGET_NAME)";
				SWIFT_EMIT_LOC_STRINGS = YES;
				SWIFT_VERSION = 5.0;
				TARGETED_DEVICE_FAMILY = "1,2";
			};
			name = Release;
		};
		455E67562976318100343C78 /* Debug */ = {
			isa = XCBuildConfiguration;
			buildSettings = {
				ALWAYS_EMBED_SWIFT_STANDARD_LIBRARIES = YES;
				BUNDLE_LOADER = "$(TEST_HOST)";
				CODE_SIGN_STYLE = Automatic;
				CURRENT_PROJECT_VERSION = 1;
				DEVELOPMENT_TEAM = VT65D9R395;
				GENERATE_INFOPLIST_FILE = YES;
				IPHONEOS_DEPLOYMENT_TARGET = 16.2;
				MARKETING_VERSION = 1.0;
				PRODUCT_BUNDLE_IDENTIFIER = "com.smsoft.iOS-Developer-TestTests";
				PRODUCT_NAME = "$(TARGET_NAME)";
				SWIFT_EMIT_LOC_STRINGS = NO;
				SWIFT_VERSION = 5.0;
				TARGETED_DEVICE_FAMILY = "1,2";
				TEST_HOST = "$(BUILT_PRODUCTS_DIR)/iOS Developer Test.app/$(BUNDLE_EXECUTABLE_FOLDER_PATH)/iOS Developer Test";
			};
			name = Debug;
		};
		455E67572976318100343C78 /* Release */ = {
			isa = XCBuildConfiguration;
			buildSettings = {
				ALWAYS_EMBED_SWIFT_STANDARD_LIBRARIES = YES;
				BUNDLE_LOADER = "$(TEST_HOST)";
				CODE_SIGN_STYLE = Automatic;
				CURRENT_PROJECT_VERSION = 1;
				DEVELOPMENT_TEAM = VT65D9R395;
				GENERATE_INFOPLIST_FILE = YES;
				IPHONEOS_DEPLOYMENT_TARGET = 16.2;
				MARKETING_VERSION = 1.0;
				PRODUCT_BUNDLE_IDENTIFIER = "com.smsoft.iOS-Developer-TestTests";
				PRODUCT_NAME = "$(TARGET_NAME)";
				SWIFT_EMIT_LOC_STRINGS = NO;
				SWIFT_VERSION = 5.0;
				TARGETED_DEVICE_FAMILY = "1,2";
				TEST_HOST = "$(BUILT_PRODUCTS_DIR)/iOS Developer Test.app/$(BUNDLE_EXECUTABLE_FOLDER_PATH)/iOS Developer Test";
			};
			name = Release;
		};
		455E67592976318100343C78 /* Debug */ = {
			isa = XCBuildConfiguration;
			buildSettings = {
				ALWAYS_EMBED_SWIFT_STANDARD_LIBRARIES = YES;
				CODE_SIGN_STYLE = Automatic;
				CURRENT_PROJECT_VERSION = 1;
				DEVELOPMENT_TEAM = VT65D9R395;
				GENERATE_INFOPLIST_FILE = YES;
				MARKETING_VERSION = 1.0;
				PRODUCT_BUNDLE_IDENTIFIER = "com.smsoft.iOS-Developer-TestUITests";
				PRODUCT_NAME = "$(TARGET_NAME)";
				SWIFT_EMIT_LOC_STRINGS = NO;
				SWIFT_VERSION = 5.0;
				TARGETED_DEVICE_FAMILY = "1,2";
				TEST_TARGET_NAME = "iOS Developer Test";
			};
			name = Debug;
		};
		455E675A2976318100343C78 /* Release */ = {
			isa = XCBuildConfiguration;
			buildSettings = {
				ALWAYS_EMBED_SWIFT_STANDARD_LIBRARIES = YES;
				CODE_SIGN_STYLE = Automatic;
				CURRENT_PROJECT_VERSION = 1;
				DEVELOPMENT_TEAM = VT65D9R395;
				GENERATE_INFOPLIST_FILE = YES;
				MARKETING_VERSION = 1.0;
				PRODUCT_BUNDLE_IDENTIFIER = "com.smsoft.iOS-Developer-TestUITests";
				PRODUCT_NAME = "$(TARGET_NAME)";
				SWIFT_EMIT_LOC_STRINGS = NO;
				SWIFT_VERSION = 5.0;
				TARGETED_DEVICE_FAMILY = "1,2";
				TEST_TARGET_NAME = "iOS Developer Test";
			};
			name = Release;
		};
/* End XCBuildConfiguration section */

/* Begin XCConfigurationList section */
		455E67292976318000343C78 /* Build configuration list for PBXProject "iOS Developer Test" */ = {
			isa = XCConfigurationList;
			buildConfigurations = (
				455E67502976318100343C78 /* Debug */,
				455E67512976318100343C78 /* Release */,
			);
			defaultConfigurationIsVisible = 0;
			defaultConfigurationName = Release;
		};
		455E67522976318100343C78 /* Build configuration list for PBXNativeTarget "iOS Developer Test" */ = {
			isa = XCConfigurationList;
			buildConfigurations = (
				455E67532976318100343C78 /* Debug */,
				455E67542976318100343C78 /* Release */,
			);
			defaultConfigurationIsVisible = 0;
			defaultConfigurationName = Release;
		};
		455E67552976318100343C78 /* Build configuration list for PBXNativeTarget "iOS Developer TestTests" */ = {
			isa = XCConfigurationList;
			buildConfigurations = (
				455E67562976318100343C78 /* Debug */,
				455E67572976318100343C78 /* Release */,
			);
			defaultConfigurationIsVisible = 0;
			defaultConfigurationName = Release;
		};
		455E67582976318100343C78 /* Build configuration list for PBXNativeTarget "iOS Developer TestUITests" */ = {
			isa = XCConfigurationList;
			buildConfigurations = (
				455E67592976318100343C78 /* Debug */,
				455E675A2976318100343C78 /* Release */,
			);
			defaultConfigurationIsVisible = 0;
			defaultConfigurationName = Release;
		};
/* End XCConfigurationList section */
	};
	rootObject = 455E67262976318000343C78 /* Project object */;
}
